// !$*UTF8*$!
{
	archiveVersion = 1;
	classes = {
	};
	objectVersion = 50;
	objects = {

/* Begin PBXBuildFile section */
		633B0B3525537DA100DB5552 /* Helper.swift in Sources */ = {isa = PBXBuildFile; fileRef = 633B0B3425537DA100DB5552 /* Helper.swift */; };
		6347D1DE254FB76C00815B89 /* MoraTableViewController.swift in Sources */ = {isa = PBXBuildFile; fileRef = 6347D1DD254FB76C00815B89 /* MoraTableViewController.swift */; };
		6347D1E2254FB9D300815B89 /* MoraTableViewCell.swift in Sources */ = {isa = PBXBuildFile; fileRef = 6347D1E0254FB9D300815B89 /* MoraTableViewCell.swift */; };
		6347D1E3254FB9D300815B89 /* MoraTableViewCell.xib in Resources */ = {isa = PBXBuildFile; fileRef = 6347D1E1254FB9D300815B89 /* MoraTableViewCell.xib */; };
		6347D1E6254FDBD000815B89 /* ToolsFunction.swift in Sources */ = {isa = PBXBuildFile; fileRef = 6347D1E5254FDBD000815B89 /* ToolsFunction.swift */; };
		6347D1EE254FECC600815B89 /* MoraCellectionViewController.swift in Sources */ = {isa = PBXBuildFile; fileRef = 6347D1ED254FECC600815B89 /* MoraCellectionViewController.swift */; };
		6347D1F3254FECE100815B89 /* MoraCollectionViewCell.swift in Sources */ = {isa = PBXBuildFile; fileRef = 6347D1F1254FECE100815B89 /* MoraCollectionViewCell.swift */; };
		6347D1F4254FECE100815B89 /* MoraCollectionViewCell.xib in Resources */ = {isa = PBXBuildFile; fileRef = 6347D1F2254FECE100815B89 /* MoraCollectionViewCell.xib */; };
		63D65DA2254BE4E6004C20A3 /* AppDelegate.swift in Sources */ = {isa = PBXBuildFile; fileRef = 63D65DA1254BE4E6004C20A3 /* AppDelegate.swift */; };
		63D65DA4254BE4E6004C20A3 /* SceneDelegate.swift in Sources */ = {isa = PBXBuildFile; fileRef = 63D65DA3254BE4E6004C20A3 /* SceneDelegate.swift */; };
		63D65DA6254BE4E6004C20A3 /* ViewController.swift in Sources */ = {isa = PBXBuildFile; fileRef = 63D65DA5254BE4E6004C20A3 /* ViewController.swift */; };
		63D65DA9254BE4E6004C20A3 /* Main.storyboard in Resources */ = {isa = PBXBuildFile; fileRef = 63D65DA7254BE4E6004C20A3 /* Main.storyboard */; };
		63D65DAB254BE4E7004C20A3 /* Assets.xcassets in Resources */ = {isa = PBXBuildFile; fileRef = 63D65DAA254BE4E7004C20A3 /* Assets.xcassets */; };
		63D65DAE254BE4E7004C20A3 /* LaunchScreen.storyboard in Resources */ = {isa = PBXBuildFile; fileRef = 63D65DAC254BE4E7004C20A3 /* LaunchScreen.storyboard */; };
		63F6A1C62553E2D60017A863 /* MainTableViewCell.swift in Sources */ = {isa = PBXBuildFile; fileRef = 63F6A1C52553E2D60017A863 /* MainTableViewCell.swift */; };
		63F6A1C92553E2F90017A863 /* InsideCollectionViewCell.swift in Sources */ = {isa = PBXBuildFile; fileRef = 63F6A1C82553E2F90017A863 /* InsideCollectionViewCell.swift */; };
		63F6A1D02553E4C10017A863 /* MainViewController.swift in Sources */ = {isa = PBXBuildFile; fileRef = 63F6A1CF2553E4C10017A863 /* MainViewController.swift */; };
/* End PBXBuildFile section */

/* Begin PBXFileReference section */
		633B0B3425537DA100DB5552 /* Helper.swift */ = {isa = PBXFileReference; lastKnownFileType = sourcecode.swift; path = Helper.swift; sourceTree = "<group>"; };
		6347D1DD254FB76C00815B89 /* MoraTableViewController.swift */ = {isa = PBXFileReference; lastKnownFileType = sourcecode.swift; path = MoraTableViewController.swift; sourceTree = "<group>"; };
		6347D1E0254FB9D300815B89 /* MoraTableViewCell.swift */ = {isa = PBXFileReference; lastKnownFileType = sourcecode.swift; path = MoraTableViewCell.swift; sourceTree = "<group>"; };
		6347D1E1254FB9D300815B89 /* MoraTableViewCell.xib */ = {isa = PBXFileReference; lastKnownFileType = file.xib; path = MoraTableViewCell.xib; sourceTree = "<group>"; };
		6347D1E5254FDBD000815B89 /* ToolsFunction.swift */ = {isa = PBXFileReference; lastKnownFileType = sourcecode.swift; path = ToolsFunction.swift; sourceTree = "<group>"; };
		6347D1ED254FECC600815B89 /* MoraCellectionViewController.swift */ = {isa = PBXFileReference; lastKnownFileType = sourcecode.swift; path = MoraCellectionViewController.swift; sourceTree = "<group>"; };
		6347D1F1254FECE100815B89 /* MoraCollectionViewCell.swift */ = {isa = PBXFileReference; lastKnownFileType = sourcecode.swift; path = MoraCollectionViewCell.swift; sourceTree = "<group>"; };
		6347D1F2254FECE100815B89 /* MoraCollectionViewCell.xib */ = {isa = PBXFileReference; lastKnownFileType = file.xib; path = MoraCollectionViewCell.xib; sourceTree = "<group>"; };
		63D65D9E254BE4E6004C20A3 /* v2.0_Mora.app */ = {isa = PBXFileReference; explicitFileType = wrapper.application; includeInIndex = 0; path = v2.0_Mora.app; sourceTree = BUILT_PRODUCTS_DIR; };
		63D65DA1254BE4E6004C20A3 /* AppDelegate.swift */ = {isa = PBXFileReference; lastKnownFileType = sourcecode.swift; path = AppDelegate.swift; sourceTree = "<group>"; };
		63D65DA3254BE4E6004C20A3 /* SceneDelegate.swift */ = {isa = PBXFileReference; lastKnownFileType = sourcecode.swift; path = SceneDelegate.swift; sourceTree = "<group>"; };
		63D65DA5254BE4E6004C20A3 /* ViewController.swift */ = {isa = PBXFileReference; lastKnownFileType = sourcecode.swift; path = ViewController.swift; sourceTree = "<group>"; };
		63D65DA8254BE4E6004C20A3 /* Base */ = {isa = PBXFileReference; lastKnownFileType = file.storyboard; name = Base; path = Base.lproj/Main.storyboard; sourceTree = "<group>"; };
		63D65DAA254BE4E7004C20A3 /* Assets.xcassets */ = {isa = PBXFileReference; lastKnownFileType = folder.assetcatalog; path = Assets.xcassets; sourceTree = "<group>"; };
		63D65DAD254BE4E7004C20A3 /* Base */ = {isa = PBXFileReference; lastKnownFileType = file.storyboard; name = Base; path = Base.lproj/LaunchScreen.storyboard; sourceTree = "<group>"; };
		63D65DAF254BE4E7004C20A3 /* Info.plist */ = {isa = PBXFileReference; lastKnownFileType = text.plist.xml; path = Info.plist; sourceTree = "<group>"; };
		63F6A1C52553E2D60017A863 /* MainTableViewCell.swift */ = {isa = PBXFileReference; lastKnownFileType = sourcecode.swift; path = MainTableViewCell.swift; sourceTree = "<group>"; };
		63F6A1C82553E2F90017A863 /* InsideCollectionViewCell.swift */ = {isa = PBXFileReference; lastKnownFileType = sourcecode.swift; path = InsideCollectionViewCell.swift; sourceTree = "<group>"; };
		63F6A1CF2553E4C10017A863 /* MainViewController.swift */ = {isa = PBXFileReference; lastKnownFileType = sourcecode.swift; path = MainViewController.swift; sourceTree = "<group>"; };
/* End PBXFileReference section */

/* Begin PBXFrameworksBuildPhase section */
		63D65D9B254BE4E6004C20A3 /* Frameworks */ = {
			isa = PBXFrameworksBuildPhase;
			buildActionMask = 2147483647;
			files = (
			);
			runOnlyForDeploymentPostprocessing = 0;
		};
/* End PBXFrameworksBuildPhase section */

/* Begin PBXGroup section */
		6347D1C8254FB13B00815B89 /* MoraTableView */ = {
			isa = PBXGroup;
			children = (
				6347D1DD254FB76C00815B89 /* MoraTableViewController.swift */,
				6347D1E0254FB9D300815B89 /* MoraTableViewCell.swift */,
				6347D1E1254FB9D300815B89 /* MoraTableViewCell.xib */,
			);
			path = MoraTableView;
			sourceTree = "<group>";
		};
		6347D1EC254FEC9700815B89 /* MoraCellectionView */ = {
			isa = PBXGroup;
			children = (
				6347D1ED254FECC600815B89 /* MoraCellectionViewController.swift */,
				6347D1F1254FECE100815B89 /* MoraCollectionViewCell.swift */,
				6347D1F2254FECE100815B89 /* MoraCollectionViewCell.xib */,
			);
			path = MoraCellectionView;
			sourceTree = "<group>";
		};
		6347D2242550FA7200815B89 /* CollectionInsideTable */ = {
			isa = PBXGroup;
			children = (
				633B0B3425537DA100DB5552 /* Helper.swift */,
				63F6A1C52553E2D60017A863 /* MainTableViewCell.swift */,
				63F6A1CF2553E4C10017A863 /* MainViewController.swift */,
				63F6A1C82553E2F90017A863 /* InsideCollectionViewCell.swift */,
			);
			path = CollectionInsideTable;
			sourceTree = "<group>";
		};
		63D65D95254BE4E6004C20A3 = {
			isa = PBXGroup;
			children = (
				63D65DA0254BE4E6004C20A3 /* v2.0_Mora */,
				63D65D9F254BE4E6004C20A3 /* Products */,
			);
			sourceTree = "<group>";
		};
		63D65D9F254BE4E6004C20A3 /* Products */ = {
			isa = PBXGroup;
			children = (
				63D65D9E254BE4E6004C20A3 /* v2.0_Mora.app */,
			);
			name = Products;
			sourceTree = "<group>";
		};
		63D65DA0254BE4E6004C20A3 /* v2.0_Mora */ = {
			isa = PBXGroup;
			children = (
				6347D2242550FA7200815B89 /* CollectionInsideTable */,
				6347D1EC254FEC9700815B89 /* MoraCellectionView */,
				6347D1C8254FB13B00815B89 /* MoraTableView */,
				63D65DA1254BE4E6004C20A3 /* AppDelegate.swift */,
				63D65DA3254BE4E6004C20A3 /* SceneDelegate.swift */,
				63D65DA5254BE4E6004C20A3 /* ViewController.swift */,
				63D65DA7254BE4E6004C20A3 /* Main.storyboard */,
				63D65DAA254BE4E7004C20A3 /* Assets.xcassets */,
				63D65DAC254BE4E7004C20A3 /* LaunchScreen.storyboard */,
				63D65DAF254BE4E7004C20A3 /* Info.plist */,
				6347D1E5254FDBD000815B89 /* ToolsFunction.swift */,
			);
			path = v2.0_Mora;
			sourceTree = "<group>";
		};
/* End PBXGroup section */

/* Begin PBXNativeTarget section */
		63D65D9D254BE4E6004C20A3 /* v2.0_Mora */ = {
			isa = PBXNativeTarget;
			buildConfigurationList = 63D65DB2254BE4E7004C20A3 /* Build configuration list for PBXNativeTarget "v2.0_Mora" */;
			buildPhases = (
				63D65D9A254BE4E6004C20A3 /* Sources */,
				63D65D9B254BE4E6004C20A3 /* Frameworks */,
				63D65D9C254BE4E6004C20A3 /* Resources */,
			);
			buildRules = (
			);
			dependencies = (
			);
			name = v2.0_Mora;
			productName = v2.0_Mora;
			productReference = 63D65D9E254BE4E6004C20A3 /* v2.0_Mora.app */;
			productType = "com.apple.product-type.application";
		};
/* End PBXNativeTarget section */

/* Begin PBXProject section */
		63D65D96254BE4E6004C20A3 /* Project object */ = {
			isa = PBXProject;
			attributes = {
				LastSwiftUpdateCheck = 1210;
				LastUpgradeCheck = 1210;
				TargetAttributes = {
					63D65D9D254BE4E6004C20A3 = {
						CreatedOnToolsVersion = 12.1;
					};
				};
			};
			buildConfigurationList = 63D65D99254BE4E6004C20A3 /* Build configuration list for PBXProject "v2.0_Mora" */;
			compatibilityVersion = "Xcode 9.3";
			developmentRegion = en;
			hasScannedForEncodings = 0;
			knownRegions = (
				en,
				Base,
			);
			mainGroup = 63D65D95254BE4E6004C20A3;
			productRefGroup = 63D65D9F254BE4E6004C20A3 /* Products */;
			projectDirPath = "";
			projectRoot = "";
			targets = (
				63D65D9D254BE4E6004C20A3 /* v2.0_Mora */,
			);
		};
/* End PBXProject section */

/* Begin PBXResourcesBuildPhase section */
		63D65D9C254BE4E6004C20A3 /* Resources */ = {
			isa = PBXResourcesBuildPhase;
			buildActionMask = 2147483647;
			files = (
				6347D1F4254FECE100815B89 /* MoraCollectionViewCell.xib in Resources */,
				6347D1E3254FB9D300815B89 /* MoraTableViewCell.xib in Resources */,
				63D65DAE254BE4E7004C20A3 /* LaunchScreen.storyboard in Resources */,
				63D65DAB254BE4E7004C20A3 /* Assets.xcassets in Resources */,
				63D65DA9254BE4E6004C20A3 /* Main.storyboard in Resources */,
			);
			runOnlyForDeploymentPostprocessing = 0;
		};
/* End PBXResourcesBuildPhase section */

/* Begin PBXSourcesBuildPhase section */
		63D65D9A254BE4E6004C20A3 /* Sources */ = {
			isa = PBXSourcesBuildPhase;
			buildActionMask = 2147483647;
			files = (
				6347D1EE254FECC600815B89 /* MoraCellectionViewController.swift in Sources */,
				63D65DA6254BE4E6004C20A3 /* ViewController.swift in Sources */,
				63D65DA2254BE4E6004C20A3 /* AppDelegate.swift in Sources */,
				63F6A1D02553E4C10017A863 /* MainViewController.swift in Sources */,
				6347D1DE254FB76C00815B89 /* MoraTableViewController.swift in Sources */,
				63F6A1C62553E2D60017A863 /* MainTableViewCell.swift in Sources */,
				6347D1E6254FDBD000815B89 /* ToolsFunction.swift in Sources */,
				633B0B3525537DA100DB5552 /* Helper.swift in Sources */,
				6347D1F3254FECE100815B89 /* MoraCollectionViewCell.swift in Sources */,
				6347D1E2254FB9D300815B89 /* MoraTableViewCell.swift in Sources */,
				63D65DA4254BE4E6004C20A3 /* SceneDelegate.swift in Sources */,
				63F6A1C92553E2F90017A863 /* InsideCollectionViewCell.swift in Sources */,
			);
			runOnlyForDeploymentPostprocessing = 0;
		};
/* End PBXSourcesBuildPhase section */

/* Begin PBXVariantGroup section */
		63D65DA7254BE4E6004C20A3 /* Main.storyboard */ = {
			isa = PBXVariantGroup;
			children = (
				63D65DA8254BE4E6004C20A3 /* Base */,
			);
			name = Main.storyboard;
			sourceTree = "<group>";
		};
		63D65DAC254BE4E7004C20A3 /* LaunchScreen.storyboard */ = {
			isa = PBXVariantGroup;
			children = (
				63D65DAD254BE4E7004C20A3 /* Base */,
			);
			name = LaunchScreen.storyboard;
			sourceTree = "<group>";
		};
/* End PBXVariantGroup section */

/* Begin XCBuildConfiguration section */
		63D65DB0254BE4E7004C20A3 /* Debug */ = {
			isa = XCBuildConfiguration;
			buildSettings = {
				ALWAYS_SEARCH_USER_PATHS = NO;
				CLANG_ANALYZER_NONNULL = YES;
				CLANG_ANALYZER_NUMBER_OBJECT_CONVERSION = YES_AGGRESSIVE;
				CLANG_CXX_LANGUAGE_STANDARD = "gnu++14";
				CLANG_CXX_LIBRARY = "libc++";
				CLANG_ENABLE_MODULES = YES;
				CLANG_ENABLE_OBJC_ARC = YES;
				CLANG_ENABLE_OBJC_WEAK = YES;
				CLANG_WARN_BLOCK_CAPTURE_AUTORELEASING = YES;
				CLANG_WARN_BOOL_CONVERSION = YES;
				CLANG_WARN_COMMA = YES;
				CLANG_WARN_CONSTANT_CONVERSION = YES;
				CLANG_WARN_DEPRECATED_OBJC_IMPLEMENTATIONS = YES;
				CLANG_WARN_DIRECT_OBJC_ISA_USAGE = YES_ERROR;
				CLANG_WARN_DOCUMENTATION_COMMENTS = YES;
				CLANG_WARN_EMPTY_BODY = YES;
				CLANG_WARN_ENUM_CONVERSION = YES;
				CLANG_WARN_INFINITE_RECURSION = YES;
				CLANG_WARN_INT_CONVERSION = YES;
				CLANG_WARN_NON_LITERAL_NULL_CONVERSION = YES;
				CLANG_WARN_OBJC_IMPLICIT_RETAIN_SELF = YES;
				CLANG_WARN_OBJC_LITERAL_CONVERSION = YES;
				CLANG_WARN_OBJC_ROOT_CLASS = YES_ERROR;
				CLANG_WARN_QUOTED_INCLUDE_IN_FRAMEWORK_HEADER = YES;
				CLANG_WARN_RANGE_LOOP_ANALYSIS = YES;
				CLANG_WARN_STRICT_PROTOTYPES = YES;
				CLANG_WARN_SUSPICIOUS_MOVE = YES;
				CLANG_WARN_UNGUARDED_AVAILABILITY = YES_AGGRESSIVE;
				CLANG_WARN_UNREACHABLE_CODE = YES;
				CLANG_WARN__DUPLICATE_METHOD_MATCH = YES;
				COPY_PHASE_STRIP = NO;
				DEBUG_INFORMATION_FORMAT = dwarf;
				ENABLE_STRICT_OBJC_MSGSEND = YES;
				ENABLE_TESTABILITY = YES;
				GCC_C_LANGUAGE_STANDARD = gnu11;
				GCC_DYNAMIC_NO_PIC = NO;
				GCC_NO_COMMON_BLOCKS = YES;
				GCC_OPTIMIZATION_LEVEL = 0;
				GCC_PREPROCESSOR_DEFINITIONS = (
					"DEBUG=1",
					"$(inherited)",
				);
				GCC_WARN_64_TO_32_BIT_CONVERSION = YES;
				GCC_WARN_ABOUT_RETURN_TYPE = YES_ERROR;
				GCC_WARN_UNDECLARED_SELECTOR = YES;
				GCC_WARN_UNINITIALIZED_AUTOS = YES_AGGRESSIVE;
				GCC_WARN_UNUSED_FUNCTION = YES;
				GCC_WARN_UNUSED_VARIABLE = YES;
				IPHONEOS_DEPLOYMENT_TARGET = 14.1;
				MTL_ENABLE_DEBUG_INFO = INCLUDE_SOURCE;
				MTL_FAST_MATH = YES;
				ONLY_ACTIVE_ARCH = YES;
				SDKROOT = iphoneos;
				SWIFT_ACTIVE_COMPILATION_CONDITIONS = DEBUG;
				SWIFT_OPTIMIZATION_LEVEL = "-Onone";
			};
			name = Debug;
		};
		63D65DB1254BE4E7004C20A3 /* Release */ = {
			isa = XCBuildConfiguration;
			buildSettings = {
				ALWAYS_SEARCH_USER_PATHS = NO;
				CLANG_ANALYZER_NONNULL = YES;
				CLANG_ANALYZER_NUMBER_OBJECT_CONVERSION = YES_AGGRESSIVE;
				CLANG_CXX_LANGUAGE_STANDARD = "gnu++14";
				CLANG_CXX_LIBRARY = "libc++";
				CLANG_ENABLE_MODULES = YES;
				CLANG_ENABLE_OBJC_ARC = YES;
				CLANG_ENABLE_OBJC_WEAK = YES;
				CLANG_WARN_BLOCK_CAPTURE_AUTORELEASING = YES;
				CLANG_WARN_BOOL_CONVERSION = YES;
				CLANG_WARN_COMMA = YES;
				CLANG_WARN_CONSTANT_CONVERSION = YES;
				CLANG_WARN_DEPRECATED_OBJC_IMPLEMENTATIONS = YES;
				CLANG_WARN_DIRECT_OBJC_ISA_USAGE = YES_ERROR;
				CLANG_WARN_DOCUMENTATION_COMMENTS = YES;
				CLANG_WARN_EMPTY_BODY = YES;
				CLANG_WARN_ENUM_CONVERSION = YES;
				CLANG_WARN_INFINITE_RECURSION = YES;
				CLANG_WARN_INT_CONVERSION = YES;
				CLANG_WARN_NON_LITERAL_NULL_CONVERSION = YES;
				CLANG_WARN_OBJC_IMPLICIT_RETAIN_SELF = YES;
				CLANG_WARN_OBJC_LITERAL_CONVERSION = YES;
				CLANG_WARN_OBJC_ROOT_CLASS = YES_ERROR;
				CLANG_WARN_QUOTED_INCLUDE_IN_FRAMEWORK_HEADER = YES;
				CLANG_WARN_RANGE_LOOP_ANALYSIS = YES;
				CLANG_WARN_STRICT_PROTOTYPES = YES;
				CLANG_WARN_SUSPICIOUS_MOVE = YES;
				CLANG_WARN_UNGUARDED_AVAILABILITY = YES_AGGRESSIVE;
				CLANG_WARN_UNREACHABLE_CODE = YES;
				CLANG_WARN__DUPLICATE_METHOD_MATCH = YES;
				COPY_PHASE_STRIP = NO;
				DEBUG_INFORMATION_FORMAT = "dwarf-with-dsym";
				ENABLE_NS_ASSERTIONS = NO;
				ENABLE_STRICT_OBJC_MSGSEND = YES;
				GCC_C_LANGUAGE_STANDARD = gnu11;
				GCC_NO_COMMON_BLOCKS = YES;
				GCC_WARN_64_TO_32_BIT_CONVERSION = YES;
				GCC_WARN_ABOUT_RETURN_TYPE = YES_ERROR;
				GCC_WARN_UNDECLARED_SELECTOR = YES;
				GCC_WARN_UNINITIALIZED_AUTOS = YES_AGGRESSIVE;
				GCC_WARN_UNUSED_FUNCTION = YES;
				GCC_WARN_UNUSED_VARIABLE = YES;
				IPHONEOS_DEPLOYMENT_TARGET = 14.1;
				MTL_ENABLE_DEBUG_INFO = NO;
				MTL_FAST_MATH = YES;
				SDKROOT = iphoneos;
				SWIFT_COMPILATION_MODE = wholemodule;
				SWIFT_OPTIMIZATION_LEVEL = "-O";
				VALIDATE_PRODUCT = YES;
			};
			name = Release;
		};
		63D65DB3254BE4E7004C20A3 /* Debug */ = {
			isa = XCBuildConfiguration;
			buildSettings = {
				ASSETCATALOG_COMPILER_APPICON_NAME = AppIcon;
				ASSETCATALOG_COMPILER_GLOBAL_ACCENT_COLOR_NAME = AccentColor;
				CODE_SIGN_STYLE = Automatic;
				INFOPLIST_FILE = v2.0_Mora/Info.plist;
				LD_RUNPATH_SEARCH_PATHS = (
					"$(inherited)",
					"@executable_path/Frameworks",
				);
				PRODUCT_BUNDLE_IDENTIFIER = "trt.v2-0-Mora";
				PRODUCT_NAME = "$(TARGET_NAME)";
				SWIFT_VERSION = 5.0;
				TARGETED_DEVICE_FAMILY = "1,2";
			};
			name = Debug;
		};
		63D65DB4254BE4E7004C20A3 /* Release */ = {
			isa = XCBuildConfiguration;
			buildSettings = {
				ASSETCATALOG_COMPILER_APPICON_NAME = AppIcon;
				ASSETCATALOG_COMPILER_GLOBAL_ACCENT_COLOR_NAME = AccentColor;
				CODE_SIGN_STYLE = Automatic;
				INFOPLIST_FILE = v2.0_Mora/Info.plist;
				LD_RUNPATH_SEARCH_PATHS = (
					"$(inherited)",
					"@executable_path/Frameworks",
				);
				PRODUCT_BUNDLE_IDENTIFIER = "trt.v2-0-Mora";
				PRODUCT_NAME = "$(TARGET_NAME)";
				SWIFT_VERSION = 5.0;
				TARGETED_DEVICE_FAMILY = "1,2";
			};
			name = Release;
		};
/* End XCBuildConfiguration section */

/* Begin XCConfigurationList section */
		63D65D99254BE4E6004C20A3 /* Build configuration list for PBXProject "v2.0_Mora" */ = {
			isa = XCConfigurationList;
			buildConfigurations = (
				63D65DB0254BE4E7004C20A3 /* Debug */,
				63D65DB1254BE4E7004C20A3 /* Release */,
			);
			defaultConfigurationIsVisible = 0;
			defaultConfigurationName = Release;
		};
		63D65DB2254BE4E7004C20A3 /* Build configuration list for PBXNativeTarget "v2.0_Mora" */ = {
			isa = XCConfigurationList;
			buildConfigurations = (
				63D65DB3254BE4E7004C20A3 /* Debug */,
				63D65DB4254BE4E7004C20A3 /* Release */,
			);
			defaultConfigurationIsVisible = 0;
			defaultConfigurationName = Release;
		};
/* End XCConfigurationList section */
	};
	rootObject = 63D65D96254BE4E6004C20A3 /* Project object */;
}
